
Microsoft Visual Studio Solution File, Format Version 12.00
# Visual Studio 15
VisualStudioVersion = 15.0.28307.168
MinimumVisualStudioVersion = 10.0.40219.1
Project("{FAE04EC0-301F-11D3-BF4B-00C04F79EFBC}") = "BlocoX.AppTeste", "BlocoX.AppTeste\BlocoX.AppTeste.csproj", "{C7F26FD4-00AD-420D-8FEC-267DEBEC16CF}"
EndProject
Project("{FAE04EC0-301F-11D3-BF4B-00C04F79EFBC}") = "BlocoX.Servicos", "BlocoX.Servicos\BlocoX.Servicos.csproj", "{30BE510B-3248-4681-BAAC-9CFED518E7CF}"
EndProject
Project("{FAE04EC0-301F-11D3-BF4B-00C04F79EFBC}") = "BlocoX.Utils", "BlocoX.Utils\BlocoX.Utils.csproj", "{A4E1F0F4-BA8D-4ADF-8163-44128A5C974B}"
EndProject
Global
	GlobalSection(SolutionConfigurationPlatforms) = preSolution
		Debug|Any CPU = Debug|Any CPU
		Release|Any CPU = Release|Any CPU
	EndGlobalSection
	GlobalSection(ProjectConfigurationPlatforms) = postSolution
		{C7F26FD4-00AD-420D-8FEC-267DEBEC16CF}.Debug|Any CPU.ActiveCfg = Debug|Any CPU
		{C7F26FD4-00AD-420D-8FEC-267DEBEC16CF}.Debug|Any CPU.Build.0 = Debug|Any CPU
		{C7F26FD4-00AD-420D-8FEC-267DEBEC16CF}.Release|Any CPU.ActiveCfg = Release|Any CPU
		{C7F26FD4-00AD-420D-8FEC-267DEBEC16CF}.Release|Any CPU.Build.0 = Release|Any CPU
		{30BE510B-3248-4681-BAAC-9CFED518E7CF}.Debug|Any CPU.ActiveCfg = Debug|Any CPU
		{30BE510B-3248-4681-BAAC-9CFED518E7CF}.Debug|Any CPU.Build.0 = Debug|Any CPU
		{30BE510B-3248-4681-BAAC-9CFED518E7CF}.Release|Any CPU.ActiveCfg = Release|Any CPU
		{30BE510B-3248-4681-BAAC-9CFED518E7CF}.Release|Any CPU.Build.0 = Release|Any CPU
		{A4E1F0F4-BA8D-4ADF-8163-44128A5C974B}.Debug|Any CPU.ActiveCfg = Debug|Any CPU
		{A4E1F0F4-BA8D-4ADF-8163-44128A5C974B}.Debug|Any CPU.Build.0 = Debug|Any CPU
		{A4E1F0F4-BA8D-4ADF-8163-44128A5C974B}.Release|Any CPU.ActiveCfg = Release|Any CPU
		{A4E1F0F4-BA8D-4ADF-8163-44128A5C974B}.Release|Any CPU.Build.0 = Release|Any CPU
	EndGlobalSection
	GlobalSection(SolutionProperties) = preSolution
		HideSolutionNode = FALSE
	EndGlobalSection
	GlobalSection(ExtensibilityGlobals) = postSolution
		SolutionGuid = {C0F47907-0AFD-4EB6-85FF-E15F14068D71}
	EndGlobalSection
EndGlobal
