
Microsoft Visual Studio Solution File, Format Version 12.00
# Visual Studio 15
VisualStudioVersion = 15.0.28307.852
MinimumVisualStudioVersion = 10.0.40219.1
Project("{FAE04EC0-301F-11D3-BF4B-00C04F79EFBC}") = "BlocoX.AppTeste", "BlocoX.AppTeste\BlocoX.AppTeste.csproj", "{C7F26FD4-00AD-420D-8FEC-267DEBEC16CF}"
EndProject
Project("{FAE04EC0-301F-11D3-BF4B-00C04F79EFBC}") = "BlocoX.Test", "BlocoX.Test\BlocoX.Test.csproj", "{1BA1526B-96FC-4789-BDD7-292A5C69D466}"
EndProject
Project("{9A19103F-16F7-4668-BE54-9A1E7A4F7556}") = "BlocoX.Modelos", "BlocoX.Modelos\BlocoX.Modelos.csproj", "{E87E461A-A99A-40EA-832D-B98A39FB9A6A}"
EndProject
Project("{9A19103F-16F7-4668-BE54-9A1E7A4F7556}") = "BlocoX.Utils", "BlocoX.Utils\BlocoX.Utils.csproj", "{B3029001-37F3-4450-9B24-47E642A3DC11}"
EndProject
Project("{FAE04EC0-301F-11D3-BF4B-00C04F79EFBC}") = "BlocoX.Servicos", "BlocoX.Servicos\BlocoX.Servicos.csproj", "{9F87E17C-F537-4DAE-8870-9DE4E7BEB2C8}"
EndProject
Global
	GlobalSection(SolutionConfigurationPlatforms) = preSolution
		Debug|Any CPU = Debug|Any CPU
		Release|Any CPU = Release|Any CPU
	EndGlobalSection
	GlobalSection(ProjectConfigurationPlatforms) = postSolution
		{C7F26FD4-00AD-420D-8FEC-267DEBEC16CF}.Debug|Any CPU.ActiveCfg = Debug|Any CPU
		{C7F26FD4-00AD-420D-8FEC-267DEBEC16CF}.Debug|Any CPU.Build.0 = Debug|Any CPU
		{C7F26FD4-00AD-420D-8FEC-267DEBEC16CF}.Release|Any CPU.ActiveCfg = Release|Any CPU
		{C7F26FD4-00AD-420D-8FEC-267DEBEC16CF}.Release|Any CPU.Build.0 = Release|Any CPU
		{1BA1526B-96FC-4789-BDD7-292A5C69D466}.Debug|Any CPU.ActiveCfg = Debug|Any CPU
		{1BA1526B-96FC-4789-BDD7-292A5C69D466}.Debug|Any CPU.Build.0 = Debug|Any CPU
		{1BA1526B-96FC-4789-BDD7-292A5C69D466}.Release|Any CPU.ActiveCfg = Release|Any CPU
		{1BA1526B-96FC-4789-BDD7-292A5C69D466}.Release|Any CPU.Build.0 = Release|Any CPU
		{E87E461A-A99A-40EA-832D-B98A39FB9A6A}.Debug|Any CPU.ActiveCfg = Debug|Any CPU
		{E87E461A-A99A-40EA-832D-B98A39FB9A6A}.Debug|Any CPU.Build.0 = Debug|Any CPU
		{E87E461A-A99A-40EA-832D-B98A39FB9A6A}.Release|Any CPU.ActiveCfg = Release|Any CPU
		{E87E461A-A99A-40EA-832D-B98A39FB9A6A}.Release|Any CPU.Build.0 = Release|Any CPU
		{B3029001-37F3-4450-9B24-47E642A3DC11}.Debug|Any CPU.ActiveCfg = Debug|Any CPU
		{B3029001-37F3-4450-9B24-47E642A3DC11}.Debug|Any CPU.Build.0 = Debug|Any CPU
		{B3029001-37F3-4450-9B24-47E642A3DC11}.Release|Any CPU.ActiveCfg = Release|Any CPU
		{B3029001-37F3-4450-9B24-47E642A3DC11}.Release|Any CPU.Build.0 = Release|Any CPU
		{9F87E17C-F537-4DAE-8870-9DE4E7BEB2C8}.Debug|Any CPU.ActiveCfg = Debug|Any CPU
		{9F87E17C-F537-4DAE-8870-9DE4E7BEB2C8}.Debug|Any CPU.Build.0 = Debug|Any CPU
		{9F87E17C-F537-4DAE-8870-9DE4E7BEB2C8}.Release|Any CPU.ActiveCfg = Release|Any CPU
		{9F87E17C-F537-4DAE-8870-9DE4E7BEB2C8}.Release|Any CPU.Build.0 = Release|Any CPU
	EndGlobalSection
	GlobalSection(SolutionProperties) = preSolution
		HideSolutionNode = FALSE
	EndGlobalSection
	GlobalSection(ExtensibilityGlobals) = postSolution
		SolutionGuid = {C0F47907-0AFD-4EB6-85FF-E15F14068D71}
	EndGlobalSection
EndGlobal
